
Microsoft Visual Studio Solution File, Format Version 12.00
Project("{FAE04EC0-301F-11D3-BF4B-00C04F79EFBC}") = "Hillel_Lesson2_HW", "Hillel_Lesson2_HW\Hillel_Lesson2_HW.csproj", "{6FE23E72-B166-481C-A1B5-C4DF8BEE7643}"
EndProject
Global
	GlobalSection(SolutionConfigurationPlatforms) = preSolution
		Debug|Any CPU = Debug|Any CPU
		Release|Any CPU = Release|Any CPU
	EndGlobalSection
	GlobalSection(ProjectConfigurationPlatforms) = postSolution
		{6FE23E72-B166-481C-A1B5-C4DF8BEE7643}.Debug|Any CPU.ActiveCfg = Debug|Any CPU
		{6FE23E72-B166-481C-A1B5-C4DF8BEE7643}.Debug|Any CPU.Build.0 = Debug|Any CPU
		{6FE23E72-B166-481C-A1B5-C4DF8BEE7643}.Release|Any CPU.ActiveCfg = Release|Any CPU
		{6FE23E72-B166-481C-A1B5-C4DF8BEE7643}.Release|Any CPU.Build.0 = Release|Any CPU
	EndGlobalSection
EndGlobal
